// !$*UTF8*$!
{
	archiveVersion = 1;
	classes = {
	};
	objectVersion = 56;
	objects = {

/* Begin PBXBuildFile section */
		43D9061A2A18E20A00EDC1AF /* PaymentAppApp.swift in Sources */ = {isa = PBXBuildFile; fileRef = 43D906192A18E20A00EDC1AF /* PaymentAppApp.swift */; };
		43D9061C2A18E20A00EDC1AF /* ContentView.swift in Sources */ = {isa = PBXBuildFile; fileRef = 43D9061B2A18E20A00EDC1AF /* ContentView.swift */; };
		43D9061E2A18E20B00EDC1AF /* Assets.xcassets in Resources */ = {isa = PBXBuildFile; fileRef = 43D9061D2A18E20B00EDC1AF /* Assets.xcassets */; };
		43D906212A18E20B00EDC1AF /* Preview Assets.xcassets in Resources */ = {isa = PBXBuildFile; fileRef = 43D906202A18E20B00EDC1AF /* Preview Assets.xcassets */; };
		43D9062B2A18E20B00EDC1AF /* PaymentAppTests.swift in Sources */ = {isa = PBXBuildFile; fileRef = 43D9062A2A18E20B00EDC1AF /* PaymentAppTests.swift */; };
		43D906352A18E20B00EDC1AF /* PaymentAppUITests.swift in Sources */ = {isa = PBXBuildFile; fileRef = 43D906342A18E20B00EDC1AF /* PaymentAppUITests.swift */; };
		43D906372A18E20B00EDC1AF /* PaymentAppUITestsLaunchTests.swift in Sources */ = {isa = PBXBuildFile; fileRef = 43D906362A18E20B00EDC1AF /* PaymentAppUITestsLaunchTests.swift */; };
/* End PBXBuildFile section */

/* Begin PBXContainerItemProxy section */
		43D906272A18E20B00EDC1AF /* PBXContainerItemProxy */ = {
			isa = PBXContainerItemProxy;
			containerPortal = 43D9060E2A18E20A00EDC1AF /* Project object */;
			proxyType = 1;
			remoteGlobalIDString = 43D906152A18E20A00EDC1AF;
			remoteInfo = PaymentApp;
		};
		43D906312A18E20B00EDC1AF /* PBXContainerItemProxy */ = {
			isa = PBXContainerItemProxy;
			containerPortal = 43D9060E2A18E20A00EDC1AF /* Project object */;
			proxyType = 1;
			remoteGlobalIDString = 43D906152A18E20A00EDC1AF;
			remoteInfo = PaymentApp;
		};
/* End PBXContainerItemProxy section */

/* Begin PBXFileReference section */
		43D906162A18E20A00EDC1AF /* PaymentApp.app */ = {isa = PBXFileReference; explicitFileType = wrapper.application; includeInIndex = 0; path = PaymentApp.app; sourceTree = BUILT_PRODUCTS_DIR; };
		43D906192A18E20A00EDC1AF /* PaymentAppApp.swift */ = {isa = PBXFileReference; lastKnownFileType = sourcecode.swift; path = PaymentAppApp.swift; sourceTree = "<group>"; };
		43D9061B2A18E20A00EDC1AF /* ContentView.swift */ = {isa = PBXFileReference; lastKnownFileType = sourcecode.swift; path = ContentView.swift; sourceTree = "<group>"; };
		43D9061D2A18E20B00EDC1AF /* Assets.xcassets */ = {isa = PBXFileReference; lastKnownFileType = folder.assetcatalog; path = Assets.xcassets; sourceTree = "<group>"; };
		43D906202A18E20B00EDC1AF /* Preview Assets.xcassets */ = {isa = PBXFileReference; lastKnownFileType = folder.assetcatalog; path = "Preview Assets.xcassets"; sourceTree = "<group>"; };
		43D906262A18E20B00EDC1AF /* PaymentAppTests.xctest */ = {isa = PBXFileReference; explicitFileType = wrapper.cfbundle; includeInIndex = 0; path = PaymentAppTests.xctest; sourceTree = BUILT_PRODUCTS_DIR; };
		43D9062A2A18E20B00EDC1AF /* PaymentAppTests.swift */ = {isa = PBXFileReference; lastKnownFileType = sourcecode.swift; path = PaymentAppTests.swift; sourceTree = "<group>"; };
		43D906302A18E20B00EDC1AF /* PaymentAppUITests.xctest */ = {isa = PBXFileReference; explicitFileType = wrapper.cfbundle; includeInIndex = 0; path = PaymentAppUITests.xctest; sourceTree = BUILT_PRODUCTS_DIR; };
		43D906342A18E20B00EDC1AF /* PaymentAppUITests.swift */ = {isa = PBXFileReference; lastKnownFileType = sourcecode.swift; path = PaymentAppUITests.swift; sourceTree = "<group>"; };
		43D906362A18E20B00EDC1AF /* PaymentAppUITestsLaunchTests.swift */ = {isa = PBXFileReference; lastKnownFileType = sourcecode.swift; path = PaymentAppUITestsLaunchTests.swift; sourceTree = "<group>"; };
/* End PBXFileReference section */

/* Begin PBXFrameworksBuildPhase section */
		43D906132A18E20A00EDC1AF /* Frameworks */ = {
			isa = PBXFrameworksBuildPhase;
			buildActionMask = 2147483647;
			files = (
			);
			runOnlyForDeploymentPostprocessing = 0;
		};
		43D906232A18E20B00EDC1AF /* Frameworks */ = {
			isa = PBXFrameworksBuildPhase;
			buildActionMask = 2147483647;
			files = (
			);
			runOnlyForDeploymentPostprocessing = 0;
		};
		43D9062D2A18E20B00EDC1AF /* Frameworks */ = {
			isa = PBXFrameworksBuildPhase;
			buildActionMask = 2147483647;
			files = (
			);
			runOnlyForDeploymentPostprocessing = 0;
		};
/* End PBXFrameworksBuildPhase section */

/* Begin PBXGroup section */
		43D9060D2A18E20A00EDC1AF = {
			isa = PBXGroup;
			children = (
				43D906182A18E20A00EDC1AF /* PaymentApp */,
				43D906292A18E20B00EDC1AF /* PaymentAppTests */,
				43D906332A18E20B00EDC1AF /* PaymentAppUITests */,
				43D906172A18E20A00EDC1AF /* Products */,
			);
			sourceTree = "<group>";
		};
		43D906172A18E20A00EDC1AF /* Products */ = {
			isa = PBXGroup;
			children = (
				43D906162A18E20A00EDC1AF /* PaymentApp.app */,
				43D906262A18E20B00EDC1AF /* PaymentAppTests.xctest */,
				43D906302A18E20B00EDC1AF /* PaymentAppUITests.xctest */,
			);
			name = Products;
			sourceTree = "<group>";
		};
		43D906182A18E20A00EDC1AF /* PaymentApp */ = {
			isa = PBXGroup;
			children = (
				43D906192A18E20A00EDC1AF /* PaymentAppApp.swift */,
				43D9061B2A18E20A00EDC1AF /* ContentView.swift */,
				43D9061D2A18E20B00EDC1AF /* Assets.xcassets */,
				43D9061F2A18E20B00EDC1AF /* Preview Content */,
			);
			path = PaymentApp;
			sourceTree = "<group>";
		};
		43D9061F2A18E20B00EDC1AF /* Preview Content */ = {
			isa = PBXGroup;
			children = (
				43D906202A18E20B00EDC1AF /* Preview Assets.xcassets */,
			);
			path = "Preview Content";
			sourceTree = "<group>";
		};
		43D906292A18E20B00EDC1AF /* PaymentAppTests */ = {
			isa = PBXGroup;
			children = (
				43D9062A2A18E20B00EDC1AF /* PaymentAppTests.swift */,
			);
			path = PaymentAppTests;
			sourceTree = "<group>";
		};
		43D906332A18E20B00EDC1AF /* PaymentAppUITests */ = {
			isa = PBXGroup;
			children = (
				43D906342A18E20B00EDC1AF /* PaymentAppUITests.swift */,
				43D906362A18E20B00EDC1AF /* PaymentAppUITestsLaunchTests.swift */,
			);
			path = PaymentAppUITests;
			sourceTree = "<group>";
		};
/* End PBXGroup section */

/* Begin PBXNativeTarget section */
		43D906152A18E20A00EDC1AF /* PaymentApp */ = {
			isa = PBXNativeTarget;
			buildConfigurationList = 43D9063A2A18E20B00EDC1AF /* Build configuration list for PBXNativeTarget "PaymentApp" */;
			buildPhases = (
				43D906122A18E20A00EDC1AF /* Sources */,
				43D906132A18E20A00EDC1AF /* Frameworks */,
				43D906142A18E20A00EDC1AF /* Resources */,
			);
			buildRules = (
			);
			dependencies = (
			);
			name = PaymentApp;
			productName = PaymentApp;
			productReference = 43D906162A18E20A00EDC1AF /* PaymentApp.app */;
			productType = "com.apple.product-type.application";
		};
		43D906252A18E20B00EDC1AF /* PaymentAppTests */ = {
			isa = PBXNativeTarget;
			buildConfigurationList = 43D9063D2A18E20B00EDC1AF /* Build configuration list for PBXNativeTarget "PaymentAppTests" */;
			buildPhases = (
				43D906222A18E20B00EDC1AF /* Sources */,
				43D906232A18E20B00EDC1AF /* Frameworks */,
				43D906242A18E20B00EDC1AF /* Resources */,
			);
			buildRules = (
			);
			dependencies = (
				43D906282A18E20B00EDC1AF /* PBXTargetDependency */,
			);
			name = PaymentAppTests;
			productName = PaymentAppTests;
			productReference = 43D906262A18E20B00EDC1AF /* PaymentAppTests.xctest */;
			productType = "com.apple.product-type.bundle.unit-test";
		};
		43D9062F2A18E20B00EDC1AF /* PaymentAppUITests */ = {
			isa = PBXNativeTarget;
			buildConfigurationList = 43D906402A18E20B00EDC1AF /* Build configuration list for PBXNativeTarget "PaymentAppUITests" */;
			buildPhases = (
				43D9062C2A18E20B00EDC1AF /* Sources */,
				43D9062D2A18E20B00EDC1AF /* Frameworks */,
				43D9062E2A18E20B00EDC1AF /* Resources */,
			);
			buildRules = (
			);
			dependencies = (
				43D906322A18E20B00EDC1AF /* PBXTargetDependency */,
			);
			name = PaymentAppUITests;
			productName = PaymentAppUITests;
			productReference = 43D906302A18E20B00EDC1AF /* PaymentAppUITests.xctest */;
			productType = "com.apple.product-type.bundle.ui-testing";
		};
/* End PBXNativeTarget section */

/* Begin PBXProject section */
		43D9060E2A18E20A00EDC1AF /* Project object */ = {
			isa = PBXProject;
			attributes = {
				BuildIndependentTargetsInParallel = 1;
				LastSwiftUpdateCheck = 1430;
				LastUpgradeCheck = 1430;
				TargetAttributes = {
					43D906152A18E20A00EDC1AF = {
						CreatedOnToolsVersion = 14.3;
					};
					43D906252A18E20B00EDC1AF = {
						CreatedOnToolsVersion = 14.3;
						TestTargetID = 43D906152A18E20A00EDC1AF;
					};
					43D9062F2A18E20B00EDC1AF = {
						CreatedOnToolsVersion = 14.3;
						TestTargetID = 43D906152A18E20A00EDC1AF;
					};
				};
			};
			buildConfigurationList = 43D906112A18E20A00EDC1AF /* Build configuration list for PBXProject "PaymentApp" */;
			compatibilityVersion = "Xcode 14.0";
			developmentRegion = en;
			hasScannedForEncodings = 0;
			knownRegions = (
				en,
				Base,
			);
			mainGroup = 43D9060D2A18E20A00EDC1AF;
			productRefGroup = 43D906172A18E20A00EDC1AF /* Products */;
			projectDirPath = "";
			projectRoot = "";
			targets = (
				43D906152A18E20A00EDC1AF /* PaymentApp */,
				43D906252A18E20B00EDC1AF /* PaymentAppTests */,
				43D9062F2A18E20B00EDC1AF /* PaymentAppUITests */,
			);
		};
/* End PBXProject section */

/* Begin PBXResourcesBuildPhase section */
		43D906142A18E20A00EDC1AF /* Resources */ = {
			isa = PBXResourcesBuildPhase;
			buildActionMask = 2147483647;
			files = (
				43D906212A18E20B00EDC1AF /* Preview Assets.xcassets in Resources */,
				43D9061E2A18E20B00EDC1AF /* Assets.xcassets in Resources */,
			);
			runOnlyForDeploymentPostprocessing = 0;
		};
		43D906242A18E20B00EDC1AF /* Resources */ = {
			isa = PBXResourcesBuildPhase;
			buildActionMask = 2147483647;
			files = (
			);
			runOnlyForDeploymentPostprocessing = 0;
		};
		43D9062E2A18E20B00EDC1AF /* Resources */ = {
			isa = PBXResourcesBuildPhase;
			buildActionMask = 2147483647;
			files = (
			);
			runOnlyForDeploymentPostprocessing = 0;
		};
/* End PBXResourcesBuildPhase section */

/* Begin PBXSourcesBuildPhase section */
		43D906122A18E20A00EDC1AF /* Sources */ = {
			isa = PBXSourcesBuildPhase;
			buildActionMask = 2147483647;
			files = (
				43D9061C2A18E20A00EDC1AF /* ContentView.swift in Sources */,
				43D9061A2A18E20A00EDC1AF /* PaymentAppApp.swift in Sources */,
			);
			runOnlyForDeploymentPostprocessing = 0;
		};
		43D906222A18E20B00EDC1AF /* Sources */ = {
			isa = PBXSourcesBuildPhase;
			buildActionMask = 2147483647;
			files = (
				43D9062B2A18E20B00EDC1AF /* PaymentAppTests.swift in Sources */,
			);
			runOnlyForDeploymentPostprocessing = 0;
		};
		43D9062C2A18E20B00EDC1AF /* Sources */ = {
			isa = PBXSourcesBuildPhase;
			buildActionMask = 2147483647;
			files = (
				43D906352A18E20B00EDC1AF /* PaymentAppUITests.swift in Sources */,
				43D906372A18E20B00EDC1AF /* PaymentAppUITestsLaunchTests.swift in Sources */,
			);
			runOnlyForDeploymentPostprocessing = 0;
		};
/* End PBXSourcesBuildPhase section */

/* Begin PBXTargetDependency section */
		43D906282A18E20B00EDC1AF /* PBXTargetDependency */ = {
			isa = PBXTargetDependency;
			target = 43D906152A18E20A00EDC1AF /* PaymentApp */;
			targetProxy = 43D906272A18E20B00EDC1AF /* PBXContainerItemProxy */;
		};
		43D906322A18E20B00EDC1AF /* PBXTargetDependency */ = {
			isa = PBXTargetDependency;
			target = 43D906152A18E20A00EDC1AF /* PaymentApp */;
			targetProxy = 43D906312A18E20B00EDC1AF /* PBXContainerItemProxy */;
		};
/* End PBXTargetDependency section */

/* Begin XCBuildConfiguration section */
		43D906382A18E20B00EDC1AF /* Debug */ = {
			isa = XCBuildConfiguration;
			buildSettings = {
				ALWAYS_SEARCH_USER_PATHS = NO;
				CLANG_ANALYZER_NONNULL = YES;
				CLANG_ANALYZER_NUMBER_OBJECT_CONVERSION = YES_AGGRESSIVE;
				CLANG_CXX_LANGUAGE_STANDARD = "gnu++20";
				CLANG_ENABLE_MODULES = YES;
				CLANG_ENABLE_OBJC_ARC = YES;
				CLANG_ENABLE_OBJC_WEAK = YES;
				CLANG_WARN_BLOCK_CAPTURE_AUTORELEASING = YES;
				CLANG_WARN_BOOL_CONVERSION = YES;
				CLANG_WARN_COMMA = YES;
				CLANG_WARN_CONSTANT_CONVERSION = YES;
				CLANG_WARN_DEPRECATED_OBJC_IMPLEMENTATIONS = YES;
				CLANG_WARN_DIRECT_OBJC_ISA_USAGE = YES_ERROR;
				CLANG_WARN_DOCUMENTATION_COMMENTS = YES;
				CLANG_WARN_EMPTY_BODY = YES;
				CLANG_WARN_ENUM_CONVERSION = YES;
				CLANG_WARN_INFINITE_RECURSION = YES;
				CLANG_WARN_INT_CONVERSION = YES;
				CLANG_WARN_NON_LITERAL_NULL_CONVERSION = YES;
				CLANG_WARN_OBJC_IMPLICIT_RETAIN_SELF = YES;
				CLANG_WARN_OBJC_LITERAL_CONVERSION = YES;
				CLANG_WARN_OBJC_ROOT_CLASS = YES_ERROR;
				CLANG_WARN_QUOTED_INCLUDE_IN_FRAMEWORK_HEADER = YES;
				CLANG_WARN_RANGE_LOOP_ANALYSIS = YES;
				CLANG_WARN_STRICT_PROTOTYPES = YES;
				CLANG_WARN_SUSPICIOUS_MOVE = YES;
				CLANG_WARN_UNGUARDED_AVAILABILITY = YES_AGGRESSIVE;
				CLANG_WARN_UNREACHABLE_CODE = YES;
				CLANG_WARN__DUPLICATE_METHOD_MATCH = YES;
				COPY_PHASE_STRIP = NO;
				DEBUG_INFORMATION_FORMAT = dwarf;
				ENABLE_STRICT_OBJC_MSGSEND = YES;
				ENABLE_TESTABILITY = YES;
				GCC_C_LANGUAGE_STANDARD = gnu11;
				GCC_DYNAMIC_NO_PIC = NO;
				GCC_NO_COMMON_BLOCKS = YES;
				GCC_OPTIMIZATION_LEVEL = 0;
				GCC_PREPROCESSOR_DEFINITIONS = (
					"DEBUG=1",
					"$(inherited)",
				);
				GCC_WARN_64_TO_32_BIT_CONVERSION = YES;
				GCC_WARN_ABOUT_RETURN_TYPE = YES_ERROR;
				GCC_WARN_UNDECLARED_SELECTOR = YES;
				GCC_WARN_UNINITIALIZED_AUTOS = YES_AGGRESSIVE;
				GCC_WARN_UNUSED_FUNCTION = YES;
				GCC_WARN_UNUSED_VARIABLE = YES;
				IPHONEOS_DEPLOYMENT_TARGET = 16.4;
				MTL_ENABLE_DEBUG_INFO = INCLUDE_SOURCE;
				MTL_FAST_MATH = YES;
				ONLY_ACTIVE_ARCH = YES;
				SDKROOT = iphoneos;
				SWIFT_ACTIVE_COMPILATION_CONDITIONS = DEBUG;
				SWIFT_OPTIMIZATION_LEVEL = "-Onone";
			};
			name = Debug;
		};
		43D906392A18E20B00EDC1AF /* Release */ = {
			isa = XCBuildConfiguration;
			buildSettings = {
				ALWAYS_SEARCH_USER_PATHS = NO;
				CLANG_ANALYZER_NONNULL = YES;
				CLANG_ANALYZER_NUMBER_OBJECT_CONVERSION = YES_AGGRESSIVE;
				CLANG_CXX_LANGUAGE_STANDARD = "gnu++20";
				CLANG_ENABLE_MODULES = YES;
				CLANG_ENABLE_OBJC_ARC = YES;
				CLANG_ENABLE_OBJC_WEAK = YES;
				CLANG_WARN_BLOCK_CAPTURE_AUTORELEASING = YES;
				CLANG_WARN_BOOL_CONVERSION = YES;
				CLANG_WARN_COMMA = YES;
				CLANG_WARN_CONSTANT_CONVERSION = YES;
				CLANG_WARN_DEPRECATED_OBJC_IMPLEMENTATIONS = YES;
				CLANG_WARN_DIRECT_OBJC_ISA_USAGE = YES_ERROR;
				CLANG_WARN_DOCUMENTATION_COMMENTS = YES;
				CLANG_WARN_EMPTY_BODY = YES;
				CLANG_WARN_ENUM_CONVERSION = YES;
				CLANG_WARN_INFINITE_RECURSION = YES;
				CLANG_WARN_INT_CONVERSION = YES;
				CLANG_WARN_NON_LITERAL_NULL_CONVERSION = YES;
				CLANG_WARN_OBJC_IMPLICIT_RETAIN_SELF = YES;
				CLANG_WARN_OBJC_LITERAL_CONVERSION = YES;
				CLANG_WARN_OBJC_ROOT_CLASS = YES_ERROR;
				CLANG_WARN_QUOTED_INCLUDE_IN_FRAMEWORK_HEADER = YES;
				CLANG_WARN_RANGE_LOOP_ANALYSIS = YES;
				CLANG_WARN_STRICT_PROTOTYPES = YES;
				CLANG_WARN_SUSPICIOUS_MOVE = YES;
				CLANG_WARN_UNGUARDED_AVAILABILITY = YES_AGGRESSIVE;
				CLANG_WARN_UNREACHABLE_CODE = YES;
				CLANG_WARN__DUPLICATE_METHOD_MATCH = YES;
				COPY_PHASE_STRIP = NO;
				DEBUG_INFORMATION_FORMAT = "dwarf-with-dsym";
				ENABLE_NS_ASSERTIONS = NO;
				ENABLE_STRICT_OBJC_MSGSEND = YES;
				GCC_C_LANGUAGE_STANDARD = gnu11;
				GCC_NO_COMMON_BLOCKS = YES;
				GCC_WARN_64_TO_32_BIT_CONVERSION = YES;
				GCC_WARN_ABOUT_RETURN_TYPE = YES_ERROR;
				GCC_WARN_UNDECLARED_SELECTOR = YES;
				GCC_WARN_UNINITIALIZED_AUTOS = YES_AGGRESSIVE;
				GCC_WARN_UNUSED_FUNCTION = YES;
				GCC_WARN_UNUSED_VARIABLE = YES;
				IPHONEOS_DEPLOYMENT_TARGET = 16.4;
				MTL_ENABLE_DEBUG_INFO = NO;
				MTL_FAST_MATH = YES;
				SDKROOT = iphoneos;
				SWIFT_COMPILATION_MODE = wholemodule;
				SWIFT_OPTIMIZATION_LEVEL = "-O";
				VALIDATE_PRODUCT = YES;
			};
			name = Release;
		};
		43D9063B2A18E20B00EDC1AF /* Debug */ = {
			isa = XCBuildConfiguration;
			buildSettings = {
				ASSETCATALOG_COMPILER_APPICON_NAME = AppIcon;
				ASSETCATALOG_COMPILER_GLOBAL_ACCENT_COLOR_NAME = AccentColor;
				CODE_SIGN_STYLE = Automatic;
				CURRENT_PROJECT_VERSION = 1;
				DEVELOPMENT_ASSET_PATHS = "\"PaymentApp/Preview Content\"";
				DEVELOPMENT_TEAM = JSY8H6LPZF;
				ENABLE_PREVIEWS = YES;
				GENERATE_INFOPLIST_FILE = YES;
				INFOPLIST_KEY_UIApplicationSceneManifest_Generation = YES;
				INFOPLIST_KEY_UIApplicationSupportsIndirectInputEvents = YES;
				INFOPLIST_KEY_UILaunchScreen_Generation = YES;
				INFOPLIST_KEY_UISupportedInterfaceOrientations_iPad = "UIInterfaceOrientationPortrait UIInterfaceOrientationPortraitUpsideDown UIInterfaceOrientationLandscapeLeft UIInterfaceOrientationLandscapeRight";
				INFOPLIST_KEY_UISupportedInterfaceOrientations_iPhone = "UIInterfaceOrientationPortrait UIInterfaceOrientationLandscapeLeft UIInterfaceOrientationLandscapeRight";
				LD_RUNPATH_SEARCH_PATHS = (
					"$(inherited)",
					"@executable_path/Frameworks",
				);
				MARKETING_VERSION = 1.0;
				PRODUCT_BUNDLE_IDENTIFIER = com.timl.PaymentApp;
				PRODUCT_NAME = "$(TARGET_NAME)";
				SWIFT_EMIT_LOC_STRINGS = YES;
				SWIFT_VERSION = 5.0;
				TARGETED_DEVICE_FAMILY = "1,2";
			};
			name = Debug;
		};
		43D9063C2A18E20B00EDC1AF /* Release */ = {
			isa = XCBuildConfiguration;
			buildSettings = {
				ASSETCATALOG_COMPILER_APPICON_NAME = AppIcon;
				ASSETCATALOG_COMPILER_GLOBAL_ACCENT_COLOR_NAME = AccentColor;
				CODE_SIGN_STYLE = Automatic;
				CURRENT_PROJECT_VERSION = 1;
				DEVELOPMENT_ASSET_PATHS = "\"PaymentApp/Preview Content\"";
				DEVELOPMENT_TEAM = JSY8H6LPZF;
				ENABLE_PREVIEWS = YES;
				GENERATE_INFOPLIST_FILE = YES;
				INFOPLIST_KEY_UIApplicationSceneManifest_Generation = YES;
				INFOPLIST_KEY_UIApplicationSupportsIndirectInputEvents = YES;
				INFOPLIST_KEY_UILaunchScreen_Generation = YES;
				INFOPLIST_KEY_UISupportedInterfaceOrientations_iPad = "UIInterfaceOrientationPortrait UIInterfaceOrientationPortraitUpsideDown UIInterfaceOrientationLandscapeLeft UIInterfaceOrientationLandscapeRight";
				INFOPLIST_KEY_UISupportedInterfaceOrientations_iPhone = "UIInterfaceOrientationPortrait UIInterfaceOrientationLandscapeLeft UIInterfaceOrientationLandscapeRight";
				LD_RUNPATH_SEARCH_PATHS = (
					"$(inherited)",
					"@executable_path/Frameworks",
				);
				MARKETING_VERSION = 1.0;
				PRODUCT_BUNDLE_IDENTIFIER = com.timl.PaymentApp;
				PRODUCT_NAME = "$(TARGET_NAME)";
				SWIFT_EMIT_LOC_STRINGS = YES;
				SWIFT_VERSION = 5.0;
				TARGETED_DEVICE_FAMILY = "1,2";
			};
			name = Release;
		};
		43D9063E2A18E20B00EDC1AF /* Debug */ = {
			isa = XCBuildConfiguration;
			buildSettings = {
				ALWAYS_EMBED_SWIFT_STANDARD_LIBRARIES = YES;
				BUNDLE_LOADER = "$(TEST_HOST)";
				CODE_SIGN_STYLE = Automatic;
				CURRENT_PROJECT_VERSION = 1;
				DEVELOPMENT_TEAM = JSY8H6LPZF;
				GENERATE_INFOPLIST_FILE = YES;
				IPHONEOS_DEPLOYMENT_TARGET = 16.4;
				MARKETING_VERSION = 1.0;
				PRODUCT_BUNDLE_IDENTIFIER = com.timl.PaymentAppTests;
				PRODUCT_NAME = "$(TARGET_NAME)";
				SWIFT_EMIT_LOC_STRINGS = NO;
				SWIFT_VERSION = 5.0;
				TARGETED_DEVICE_FAMILY = "1,2";
				TEST_HOST = "$(BUILT_PRODUCTS_DIR)/PaymentApp.app/$(BUNDLE_EXECUTABLE_FOLDER_PATH)/PaymentApp";
			};
			name = Debug;
		};
		43D9063F2A18E20B00EDC1AF /* Release */ = {
			isa = XCBuildConfiguration;
			buildSettings = {
				ALWAYS_EMBED_SWIFT_STANDARD_LIBRARIES = YES;
				BUNDLE_LOADER = "$(TEST_HOST)";
				CODE_SIGN_STYLE = Automatic;
				CURRENT_PROJECT_VERSION = 1;
				DEVELOPMENT_TEAM = JSY8H6LPZF;
				GENERATE_INFOPLIST_FILE = YES;
				IPHONEOS_DEPLOYMENT_TARGET = 16.4;
				MARKETING_VERSION = 1.0;
				PRODUCT_BUNDLE_IDENTIFIER = com.timl.PaymentAppTests;
				PRODUCT_NAME = "$(TARGET_NAME)";
				SWIFT_EMIT_LOC_STRINGS = NO;
				SWIFT_VERSION = 5.0;
				TARGETED_DEVICE_FAMILY = "1,2";
				TEST_HOST = "$(BUILT_PRODUCTS_DIR)/PaymentApp.app/$(BUNDLE_EXECUTABLE_FOLDER_PATH)/PaymentApp";
			};
			name = Release;
		};
		43D906412A18E20B00EDC1AF /* Debug */ = {
			isa = XCBuildConfiguration;
			buildSettings = {
				ALWAYS_EMBED_SWIFT_STANDARD_LIBRARIES = YES;
				CODE_SIGN_STYLE = Automatic;
				CURRENT_PROJECT_VERSION = 1;
				DEVELOPMENT_TEAM = JSY8H6LPZF;
				GENERATE_INFOPLIST_FILE = YES;
				MARKETING_VERSION = 1.0;
				PRODUCT_BUNDLE_IDENTIFIER = com.timl.PaymentAppUITests;
				PRODUCT_NAME = "$(TARGET_NAME)";
				SWIFT_EMIT_LOC_STRINGS = NO;
				SWIFT_VERSION = 5.0;
				TARGETED_DEVICE_FAMILY = "1,2";
				TEST_TARGET_NAME = PaymentApp;
			};
			name = Debug;
		};
		43D906422A18E20B00EDC1AF /* Release */ = {
			isa = XCBuildConfiguration;
			buildSettings = {
				ALWAYS_EMBED_SWIFT_STANDARD_LIBRARIES = YES;
				CODE_SIGN_STYLE = Automatic;
				CURRENT_PROJECT_VERSION = 1;
				DEVELOPMENT_TEAM = JSY8H6LPZF;
				GENERATE_INFOPLIST_FILE = YES;
				MARKETING_VERSION = 1.0;
				PRODUCT_BUNDLE_IDENTIFIER = com.timl.PaymentAppUITests;
				PRODUCT_NAME = "$(TARGET_NAME)";
				SWIFT_EMIT_LOC_STRINGS = NO;
				SWIFT_VERSION = 5.0;
				TARGETED_DEVICE_FAMILY = "1,2";
				TEST_TARGET_NAME = PaymentApp;
			};
			name = Release;
		};
/* End XCBuildConfiguration section */

/* Begin XCConfigurationList section */
		43D906112A18E20A00EDC1AF /* Build configuration list for PBXProject "PaymentApp" */ = {
			isa = XCConfigurationList;
			buildConfigurations = (
				43D906382A18E20B00EDC1AF /* Debug */,
				43D906392A18E20B00EDC1AF /* Release */,
			);
			defaultConfigurationIsVisible = 0;
			defaultConfigurationName = Release;
		};
		43D9063A2A18E20B00EDC1AF /* Build configuration list for PBXNativeTarget "PaymentApp" */ = {
			isa = XCConfigurationList;
			buildConfigurations = (
				43D9063B2A18E20B00EDC1AF /* Debug */,
				43D9063C2A18E20B00EDC1AF /* Release */,
			);
			defaultConfigurationIsVisible = 0;
			defaultConfigurationName = Release;
		};
		43D9063D2A18E20B00EDC1AF /* Build configuration list for PBXNativeTarget "PaymentAppTests" */ = {
			isa = XCConfigurationList;
			buildConfigurations = (
				43D9063E2A18E20B00EDC1AF /* Debug */,
				43D9063F2A18E20B00EDC1AF /* Release */,
			);
			defaultConfigurationIsVisible = 0;
			defaultConfigurationName = Release;
		};
		43D906402A18E20B00EDC1AF /* Build configuration list for PBXNativeTarget "PaymentAppUITests" */ = {
			isa = XCConfigurationList;
			buildConfigurations = (
				43D906412A18E20B00EDC1AF /* Debug */,
				43D906422A18E20B00EDC1AF /* Release */,
			);
			defaultConfigurationIsVisible = 0;
			defaultConfigurationName = Release;
		};
/* End XCConfigurationList section */
	};
	rootObject = 43D9060E2A18E20A00EDC1AF /* Project object */;
}
